// !$*UTF8*$!
{
	archiveVersion = 1;
	classes = {
	};
	objectVersion = 46;
	objects = {

/* Begin PBXBuildFile section */
		70ACA1FD1D7BA7FE00F142CE /* AppDelegate.swift in Sources */ = {isa = PBXBuildFile; fileRef = 70ACA1FC1D7BA7FE00F142CE /* AppDelegate.swift */; };
		70ACA1FF1D7BA7FE00F142CE /* ViewController.swift in Sources */ = {isa = PBXBuildFile; fileRef = 70ACA1FE1D7BA7FE00F142CE /* ViewController.swift */; };
		70ACA2021D7BA7FE00F142CE /* Main.storyboard in Resources */ = {isa = PBXBuildFile; fileRef = 70ACA2001D7BA7FE00F142CE /* Main.storyboard */; };
		70ACA2051D7BA7FE00F142CE /* BicycleWeight.xcdatamodeld in Sources */ = {isa = PBXBuildFile; fileRef = 70ACA2031D7BA7FE00F142CE /* BicycleWeight.xcdatamodeld */; };
		70ACA2071D7BA7FE00F142CE /* Assets.xcassets in Resources */ = {isa = PBXBuildFile; fileRef = 70ACA2061D7BA7FE00F142CE /* Assets.xcassets */; };
		70ACA20A1D7BA7FE00F142CE /* LaunchScreen.storyboard in Resources */ = {isa = PBXBuildFile; fileRef = 70ACA2081D7BA7FE00F142CE /* LaunchScreen.storyboard */; };
/* End PBXBuildFile section */

/* Begin PBXFileReference section */
		70ACA1F91D7BA7FE00F142CE /* BicycleWeight.app */ = {isa = PBXFileReference; explicitFileType = wrapper.application; includeInIndex = 0; path = BicycleWeight.app; sourceTree = BUILT_PRODUCTS_DIR; };
		70ACA1FC1D7BA7FE00F142CE /* AppDelegate.swift */ = {isa = PBXFileReference; lastKnownFileType = sourcecode.swift; path = AppDelegate.swift; sourceTree = "<group>"; };
		70ACA1FE1D7BA7FE00F142CE /* ViewController.swift */ = {isa = PBXFileReference; lastKnownFileType = sourcecode.swift; path = ViewController.swift; sourceTree = "<group>"; };
		70ACA2011D7BA7FE00F142CE /* Base */ = {isa = PBXFileReference; lastKnownFileType = file.storyboard; name = Base; path = Base.lproj/Main.storyboard; sourceTree = "<group>"; };
		70ACA2041D7BA7FE00F142CE /* BicycleWeight.xcdatamodel */ = {isa = PBXFileReference; lastKnownFileType = wrapper.xcdatamodel; path = BicycleWeight.xcdatamodel; sourceTree = "<group>"; };
		70ACA2061D7BA7FE00F142CE /* Assets.xcassets */ = {isa = PBXFileReference; lastKnownFileType = folder.assetcatalog; path = Assets.xcassets; sourceTree = "<group>"; };
		70ACA2091D7BA7FE00F142CE /* Base */ = {isa = PBXFileReference; lastKnownFileType = file.storyboard; name = Base; path = Base.lproj/LaunchScreen.storyboard; sourceTree = "<group>"; };
		70ACA20B1D7BA7FE00F142CE /* Info.plist */ = {isa = PBXFileReference; lastKnownFileType = text.plist.xml; path = Info.plist; sourceTree = "<group>"; };
/* End PBXFileReference section */

/* Begin PBXFrameworksBuildPhase section */
		70ACA1F61D7BA7FE00F142CE /* Frameworks */ = {
			isa = PBXFrameworksBuildPhase;
			buildActionMask = 2147483647;
			files = (
			);
			runOnlyForDeploymentPostprocessing = 0;
		};
/* End PBXFrameworksBuildPhase section */

/* Begin PBXGroup section */
		70ACA1F01D7BA7FE00F142CE = {
			isa = PBXGroup;
			children = (
				70ACA1FB1D7BA7FE00F142CE /* BicycleWeight */,
				70ACA1FA1D7BA7FE00F142CE /* Products */,
			);
			sourceTree = "<group>";
		};
		70ACA1FA1D7BA7FE00F142CE /* Products */ = {
			isa = PBXGroup;
			children = (
				70ACA1F91D7BA7FE00F142CE /* BicycleWeight.app */,
			);
			name = Products;
			sourceTree = "<group>";
		};
		70ACA1FB1D7BA7FE00F142CE /* BicycleWeight */ = {
			isa = PBXGroup;
			children = (
				70ACA1FC1D7BA7FE00F142CE /* AppDelegate.swift */,
				70ACA1FE1D7BA7FE00F142CE /* ViewController.swift */,
				70ACA2001D7BA7FE00F142CE /* Main.storyboard */,
				70ACA2061D7BA7FE00F142CE /* Assets.xcassets */,
				70ACA2081D7BA7FE00F142CE /* LaunchScreen.storyboard */,
				70ACA20B1D7BA7FE00F142CE /* Info.plist */,
				70ACA2031D7BA7FE00F142CE /* BicycleWeight.xcdatamodeld */,
			);
			path = BicycleWeight;
			sourceTree = "<group>";
		};
/* End PBXGroup section */

/* Begin PBXNativeTarget section */
		70ACA1F81D7BA7FE00F142CE /* BicycleWeight */ = {
			isa = PBXNativeTarget;
			buildConfigurationList = 70ACA20E1D7BA7FE00F142CE /* Build configuration list for PBXNativeTarget "BicycleWeight" */;
			buildPhases = (
				70ACA1F51D7BA7FE00F142CE /* Sources */,
				70ACA1F61D7BA7FE00F142CE /* Frameworks */,
				70ACA1F71D7BA7FE00F142CE /* Resources */,
			);
			buildRules = (
			);
			dependencies = (
			);
			name = BicycleWeight;
			productName = BicycleWeight;
			productReference = 70ACA1F91D7BA7FE00F142CE /* BicycleWeight.app */;
			productType = "com.apple.product-type.application";
		};
/* End PBXNativeTarget section */

/* Begin PBXProject section */
		70ACA1F11D7BA7FE00F142CE /* Project object */ = {
			isa = PBXProject;
			attributes = {
				LastSwiftUpdateCheck = 0800;
				LastUpgradeCheck = 0800;
				ORGANIZATIONNAME = claybear39;
				TargetAttributes = {
					70ACA1F81D7BA7FE00F142CE = {
						CreatedOnToolsVersion = 8.0;
						DevelopmentTeam = Q4JQRFEL63;
						ProvisioningStyle = Automatic;
					};
				};
			};
			buildConfigurationList = 70ACA1F41D7BA7FE00F142CE /* Build configuration list for PBXProject "BicycleWeight" */;
			compatibilityVersion = "Xcode 3.2";
			developmentRegion = English;
			hasScannedForEncodings = 0;
			knownRegions = (
				en,
				Base,
			);
			mainGroup = 70ACA1F01D7BA7FE00F142CE;
			productRefGroup = 70ACA1FA1D7BA7FE00F142CE /* Products */;
			projectDirPath = "";
			projectRoot = "";
			targets = (
				70ACA1F81D7BA7FE00F142CE /* BicycleWeight */,
			);
		};
/* End PBXProject section */

/* Begin PBXResourcesBuildPhase section */
		70ACA1F71D7BA7FE00F142CE /* Resources */ = {
			isa = PBXResourcesBuildPhase;
			buildActionMask = 2147483647;
			files = (
				70ACA20A1D7BA7FE00F142CE /* LaunchScreen.storyboard in Resources */,
				70ACA2071D7BA7FE00F142CE /* Assets.xcassets in Resources */,
				70ACA2021D7BA7FE00F142CE /* Main.storyboard in Resources */,
			);
			runOnlyForDeploymentPostprocessing = 0;
		};
/* End PBXResourcesBuildPhase section */

/* Begin PBXSourcesBuildPhase section */
		70ACA1F51D7BA7FE00F142CE /* Sources */ = {
			isa = PBXSourcesBuildPhase;
			buildActionMask = 2147483647;
			files = (
				70ACA1FF1D7BA7FE00F142CE /* ViewController.swift in Sources */,
				70ACA1FD1D7BA7FE00F142CE /* AppDelegate.swift in Sources */,
				70ACA2051D7BA7FE00F142CE /* BicycleWeight.xcdatamodeld in Sources */,
			);
			runOnlyForDeploymentPostprocessing = 0;
		};
/* End PBXSourcesBuildPhase section */

/* Begin PBXVariantGroup section */
		70ACA2001D7BA7FE00F142CE /* Main.storyboard */ = {
			isa = PBXVariantGroup;
			children = (
				70ACA2011D7BA7FE00F142CE /* Base */,
			);
			name = Main.storyboard;
			sourceTree = "<group>";
		};
		70ACA2081D7BA7FE00F142CE /* LaunchScreen.storyboard */ = {
			isa = PBXVariantGroup;
			children = (
				70ACA2091D7BA7FE00F142CE /* Base */,
			);
			name = LaunchScreen.storyboard;
			sourceTree = "<group>";
		};
/* End PBXVariantGroup section */

/* Begin XCBuildConfiguration section */
		70ACA20C1D7BA7FE00F142CE /* Debug */ = {
			isa = XCBuildConfiguration;
			buildSettings = {
				ALWAYS_SEARCH_USER_PATHS = NO;
				CLANG_ANALYZER_NONNULL = YES;
				CLANG_CXX_LANGUAGE_STANDARD = "gnu++0x";
				CLANG_CXX_LIBRARY = "libc++";
				CLANG_ENABLE_MODULES = YES;
				CLANG_ENABLE_OBJC_ARC = YES;
				CLANG_WARN_BOOL_CONVERSION = YES;
				CLANG_WARN_CONSTANT_CONVERSION = YES;
				CLANG_WARN_DIRECT_OBJC_ISA_USAGE = YES_ERROR;
				CLANG_WARN_DOCUMENTATION_COMMENTS = YES;
				CLANG_WARN_EMPTY_BODY = YES;
				CLANG_WARN_ENUM_CONVERSION = YES;
				CLANG_WARN_INFINITE_RECURSION = YES;
				CLANG_WARN_INT_CONVERSION = YES;
				CLANG_WARN_OBJC_ROOT_CLASS = YES_ERROR;
				CLANG_WARN_SUSPICIOUS_MOVES = YES;
				CLANG_WARN_UNREACHABLE_CODE = YES;
				CLANG_WARN__DUPLICATE_METHOD_MATCH = YES;
				"CODE_SIGN_IDENTITY[sdk=iphoneos*]" = "iPhone Developer";
				COPY_PHASE_STRIP = NO;
				DEBUG_INFORMATION_FORMAT = dwarf;
				ENABLE_STRICT_OBJC_MSGSEND = YES;
				ENABLE_TESTABILITY = YES;
				GCC_C_LANGUAGE_STANDARD = gnu99;
				GCC_DYNAMIC_NO_PIC = NO;
				GCC_NO_COMMON_BLOCKS = YES;
				GCC_OPTIMIZATION_LEVEL = 0;
				GCC_PREPROCESSOR_DEFINITIONS = (
					"DEBUG=1",
					"$(inherited)",
				);
				GCC_WARN_64_TO_32_BIT_CONVERSION = YES;
				GCC_WARN_ABOUT_RETURN_TYPE = YES_ERROR;
				GCC_WARN_UNDECLARED_SELECTOR = YES;
				GCC_WARN_UNINITIALIZED_AUTOS = YES_AGGRESSIVE;
				GCC_WARN_UNUSED_FUNCTION = YES;
				GCC_WARN_UNUSED_VARIABLE = YES;
				IPHONEOS_DEPLOYMENT_TARGET = 10.0;
				MTL_ENABLE_DEBUG_INFO = YES;
				ONLY_ACTIVE_ARCH = YES;
				SDKROOT = iphoneos;
				SWIFT_ACTIVE_COMPILATION_CONDITIONS = DEBUG;
				SWIFT_OPTIMIZATION_LEVEL = "-Onone";
				TARGETED_DEVICE_FAMILY = "1,2";
			};
			name = Debug;
		};
		70ACA20D1D7BA7FE00F142CE /* Release */ = {
			isa = XCBuildConfiguration;
			buildSettings = {
				ALWAYS_SEARCH_USER_PATHS = NO;
				CLANG_ANALYZER_NONNULL = YES;
				CLANG_CXX_LANGUAGE_STANDARD = "gnu++0x";
				CLANG_CXX_LIBRARY = "libc++";
				CLANG_ENABLE_MODULES = YES;
				CLANG_ENABLE_OBJC_ARC = YES;
				CLANG_WARN_BOOL_CONVERSION = YES;
				CLANG_WARN_CONSTANT_CONVERSION = YES;
				CLANG_WARN_DIRECT_OBJC_ISA_USAGE = YES_ERROR;
				CLANG_WARN_DOCUMENTATION_COMMENTS = YES;
				CLANG_WARN_EMPTY_BODY = YES;
				CLANG_WARN_ENUM_CONVERSION = YES;
				CLANG_WARN_INFINITE_RECURSION = YES;
				CLANG_WARN_INT_CONVERSION = YES;
				CLANG_WARN_OBJC_ROOT_CLASS = YES_ERROR;
				CLANG_WARN_SUSPICIOUS_MOVES = YES;
				CLANG_WARN_UNREACHABLE_CODE = YES;
				CLANG_WARN__DUPLICATE_METHOD_MATCH = YES;
				"CODE_SIGN_IDENTITY[sdk=iphoneos*]" = "iPhone Developer";
				COPY_PHASE_STRIP = NO;
				DEBUG_INFORMATION_FORMAT = "dwarf-with-dsym";
				ENABLE_NS_ASSERTIONS = NO;
				ENABLE_STRICT_OBJC_MSGSEND = YES;
				GCC_C_LANGUAGE_STANDARD = gnu99;
				GCC_NO_COMMON_BLOCKS = YES;
				GCC_WARN_64_TO_32_BIT_CONVERSION = YES;
				GCC_WARN_ABOUT_RETURN_TYPE = YES_ERROR;
				GCC_WARN_UNDECLARED_SELECTOR = YES;
				GCC_WARN_UNINITIALIZED_AUTOS = YES_AGGRESSIVE;
				GCC_WARN_UNUSED_FUNCTION = YES;
				GCC_WARN_UNUSED_VARIABLE = YES;
				IPHONEOS_DEPLOYMENT_TARGET = 10.0;
				MTL_ENABLE_DEBUG_INFO = NO;
				SDKROOT = iphoneos;
				SWIFT_OPTIMIZATION_LEVEL = "-Owholemodule";
				TARGETED_DEVICE_FAMILY = "1,2";
				VALIDATE_PRODUCT = YES;
			};
			name = Release;
		};
		70ACA20F1D7BA7FE00F142CE /* Debug */ = {
			isa = XCBuildConfiguration;
			buildSettings = {
				ASSETCATALOG_COMPILER_APPICON_NAME = AppIcon;
				DEVELOPMENT_TEAM = Q4JQRFEL63;
				INFOPLIST_FILE = BicycleWeight/Info.plist;
				LD_RUNPATH_SEARCH_PATHS = "$(inherited) @executable_path/Frameworks";
				PRODUCT_BUNDLE_IDENTIFIER = Claybear39.BicycleWeight;
				PRODUCT_NAME = "$(TARGET_NAME)";
				SWIFT_VERSION = 3.0;
			};
			name = Debug;
		};
		70ACA2101D7BA7FE00F142CE /* Release */ = {
			isa = XCBuildConfiguration;
			buildSettings = {
				ASSETCATALOG_COMPILER_APPICON_NAME = AppIcon;
				DEVELOPMENT_TEAM = Q4JQRFEL63;
				INFOPLIST_FILE = BicycleWeight/Info.plist;
				LD_RUNPATH_SEARCH_PATHS = "$(inherited) @executable_path/Frameworks";
				PRODUCT_BUNDLE_IDENTIFIER = Claybear39.BicycleWeight;
				PRODUCT_NAME = "$(TARGET_NAME)";
				SWIFT_VERSION = 3.0;
			};
			name = Release;
		};
/* End XCBuildConfiguration section */

/* Begin XCConfigurationList section */
		70ACA1F41D7BA7FE00F142CE /* Build configuration list for PBXProject "BicycleWeight" */ = {
			isa = XCConfigurationList;
			buildConfigurations = (
				70ACA20C1D7BA7FE00F142CE /* Debug */,
				70ACA20D1D7BA7FE00F142CE /* Release */,
			);
			defaultConfigurationIsVisible = 0;
			defaultConfigurationName = Release;
		};
		70ACA20E1D7BA7FE00F142CE /* Build configuration list for PBXNativeTarget "BicycleWeight" */ = {
			isa = XCConfigurationList;
			buildConfigurations = (
				70ACA20F1D7BA7FE00F142CE /* Debug */,
				70ACA2101D7BA7FE00F142CE /* Release */,
			);
			defaultConfigurationIsVisible = 0;
		};
/* End XCConfigurationList section */

/* Begin XCVersionGroup section */
		70ACA2031D7BA7FE00F142CE /* BicycleWeight.xcdatamodeld */ = {
			isa = XCVersionGroup;
			children = (
				70ACA2041D7BA7FE00F142CE /* BicycleWeight.xcdatamodel */,
			);
			currentVersion = 70ACA2041D7BA7FE00F142CE /* BicycleWeight.xcdatamodel */;
			path = BicycleWeight.xcdatamodeld;
			sourceTree = "<group>";
			versionGroupType = wrapper.xcdatamodel;
		};
/* End XCVersionGroup section */
	};
	rootObject = 70ACA1F11D7BA7FE00F142CE /* Project object */;
}
